PODS:
  - OCMock (3.2.1)
  - plaid-ios-sdk (0.3.2)

DEPENDENCIES:
  - OCMock
  - plaid-ios-sdk (from `../`)

EXTERNAL SOURCES:
  plaid-ios-sdk:
    :path: "../"

SPEC CHECKSUMS:
  OCMock: f9622770761b680e505f893885780d369ae30016
  plaid-ios-sdk: 99359b1607ae5ec563c2faf6f4890a95923ec1bd

COCOAPODS: 0.39.0
