PODS:
  - OCMock (3.2)
  - plaid-ios-sdk (0.1.0)

DEPENDENCIES:
  - OCMock
  - plaid-ios-sdk (from `../`)

EXTERNAL SOURCES:
  plaid-ios-sdk:
    :path: "../"

SPEC CHECKSUMS:
  OCMock: 28def049ef47f996b515a8eeea958be7ccab2dbb
  plaid-ios-sdk: c0e8803a30bb4e3af0e4a6e40c079285516aba6e

COCOAPODS: 0.39.0
